
Microsoft Visual Studio Solution File, Format Version 12.00
Project("{FAE04EC0-301F-11D3-BF4B-00C04F79EFBC}") = "NetWeaverServer", "NetWeaverServer\NetWeaverServer.csproj", "{8E4E2B5C-7BF9-4F57-97B7-1B703BFFEBE6}"
EndProject
Project("{FAE04EC0-301F-11D3-BF4B-00C04F79EFBC}") = "NetWeaverClient", "NetWeaverClient\NetWeaverClient.csproj", "{9E392E50-3054-4BB9-8AFD-BD88117AF91B}"
EndProject
Project("{FAE04EC0-301F-11D3-BF4B-00C04F79EFBC}") = "NetWeaverGUI", "NetWeaverGUI\NetWeaverGUI.csproj", "{21C1C639-21A2-4A85-A9CD-3A92127B0326}"
EndProject
Global
	GlobalSection(SolutionConfigurationPlatforms) = preSolution
		Debug|Any CPU = Debug|Any CPU
		Release|Any CPU = Release|Any CPU
	EndGlobalSection
	GlobalSection(ProjectConfigurationPlatforms) = postSolution
		{8E4E2B5C-7BF9-4F57-97B7-1B703BFFEBE6}.Debug|Any CPU.ActiveCfg = Debug|Any CPU
		{8E4E2B5C-7BF9-4F57-97B7-1B703BFFEBE6}.Debug|Any CPU.Build.0 = Debug|Any CPU
		{8E4E2B5C-7BF9-4F57-97B7-1B703BFFEBE6}.Release|Any CPU.ActiveCfg = Release|Any CPU
		{8E4E2B5C-7BF9-4F57-97B7-1B703BFFEBE6}.Release|Any CPU.Build.0 = Release|Any CPU
		{9E392E50-3054-4BB9-8AFD-BD88117AF91B}.Debug|Any CPU.ActiveCfg = Debug|Any CPU
		{9E392E50-3054-4BB9-8AFD-BD88117AF91B}.Debug|Any CPU.Build.0 = Debug|Any CPU
		{9E392E50-3054-4BB9-8AFD-BD88117AF91B}.Release|Any CPU.ActiveCfg = Release|Any CPU
		{9E392E50-3054-4BB9-8AFD-BD88117AF91B}.Release|Any CPU.Build.0 = Release|Any CPU
		{21C1C639-21A2-4A85-A9CD-3A92127B0326}.Debug|Any CPU.ActiveCfg = Debug|Any CPU
		{21C1C639-21A2-4A85-A9CD-3A92127B0326}.Debug|Any CPU.Build.0 = Debug|Any CPU
		{21C1C639-21A2-4A85-A9CD-3A92127B0326}.Release|Any CPU.ActiveCfg = Release|Any CPU
		{21C1C639-21A2-4A85-A9CD-3A92127B0326}.Release|Any CPU.Build.0 = Release|Any CPU
	EndGlobalSection
EndGlobal
